// !$*UTF8*$!
{
	archiveVersion = 1;
	classes = {
	};
	objectVersion = 77;
	objects = {

/* Begin PBXContainerItemProxy section */
		21317EFE3064C0A700C041BB /* PBXContainerItemProxy */ = {
			isa = PBXContainerItemProxy;
			containerPortal = 21317EE63064C0A500C041BB /* Project object */;
			proxyType = 1;
			remoteGlobalIDString = 21317EED3064C0A500C041BB;
			remoteInfo = "Project Report Builder";
		};
		21317F083064C0A700C041BB /* PBXContainerItemProxy */ = {
			isa = PBXContainerItemProxy;
			containerPortal = 21317EE63064C0A500C041BB /* Project object */;
			proxyType = 1;
			remoteGlobalIDString = 21317EED3064C0A500C041BB;
			remoteInfo = "Project Report Builder";
		};
/* End PBXContainerItemProxy section */

/* Begin PBXFileReference section */
		21317EEE3064C0A500C041BB /* Project Report Builder.app */ = {isa = PBXFileReference; explicitFileType = wrapper.application; includeInIndex = 0; path = "Project Report Builder.app"; sourceTree = BUILT_PRODUCTS_DIR; };
		21317EFD3064C0A700C041BB /* Project Report BuilderTests.xctest */ = {isa = PBXFileReference; explicitFileType = wrapper.cfbundle; includeInIndex = 0; path = "Project Report BuilderTests.xctest"; sourceTree = BUILT_PRODUCTS_DIR; };
		21317F073064C0A700C041BB /* Project Report BuilderUITests.xctest */ = {isa = PBXFileReference; explicitFileType = wrapper.cfbundle; includeInIndex = 0; path = "Project Report BuilderUITests.xctest"; sourceTree = BUILT_PRODUCTS_DIR; };
/* End PBXFileReference section */

/* Begin PBXFileSystemSynchronizedBuildFileExceptionSet section */
		A20000000000000000000003 /* Exceptions for "Features" folder in "Project Report Builder" target */ = {
			isa = PBXFileSystemSynchronizedBuildFileExceptionSet;
			membershipExceptions = (
				Export/.gitkeep,
			);
			target = 21317EED3064C0A500C041BB /* Project Report Builder */;
		};
		A20000000000000000000004 /* Exceptions for "Services" folder in "Project Report Builder" target */ = {
			isa = PBXFileSystemSynchronizedBuildFileExceptionSet;
			membershipExceptions = (
				.gitkeep,
			);
			target = 21317EED3064C0A500C041BB /* Project Report Builder */;
		};
		A20000000000000000000006 /* Exceptions for "Platform" folder in "Project Report Builder" target */ = {
			isa = PBXFileSystemSynchronizedBuildFileExceptionSet;
			membershipExceptions = (
				.gitkeep,
			);
			target = 21317EED3064C0A500C041BB /* Project Report Builder */;
		};
/* End PBXFileSystemSynchronizedBuildFileExceptionSet section */

/* Begin PBXFileSystemSynchronizedRootGroup section */
		21317F003064C0A700C041BB /* UnitTests */ = {
			isa = PBXFileSystemSynchronizedRootGroup;
			path = UnitTests;
			sourceTree = "<group>";
		};
		21317F0A3064C0A700C041BB /* UITests */ = {
			isa = PBXFileSystemSynchronizedRootGroup;
			path = UITests;
			sourceTree = "<group>";
		};
		A10000000000000000000001 /* App */ = {
			isa = PBXFileSystemSynchronizedRootGroup;
			path = App;
			sourceTree = "<group>";
		};
		A10000000000000000000002 /* Core */ = {
			isa = PBXFileSystemSynchronizedRootGroup;
			path = Core;
			sourceTree = "<group>";
		};
		A10000000000000000000003 /* Features */ = {
			isa = PBXFileSystemSynchronizedRootGroup;
			exceptions = (
				A20000000000000000000003 /* Exceptions for "Features" folder in "Project Report Builder" target */,
			);
			path = Features;
			sourceTree = "<group>";
		};
		A10000000000000000000004 /* Services */ = {
			isa = PBXFileSystemSynchronizedRootGroup;
			exceptions = (
				A20000000000000000000004 /* Exceptions for "Services" folder in "Project Report Builder" target */,
			);
			path = Services;
			sourceTree = "<group>";
		};
		A10000000000000000000005 /* Data */ = {
			isa = PBXFileSystemSynchronizedRootGroup;
			path = Data;
			sourceTree = "<group>";
		};
		A10000000000000000000006 /* Platform */ = {
			isa = PBXFileSystemSynchronizedRootGroup;
			exceptions = (
				A20000000000000000000006 /* Exceptions for "Platform" folder in "Project Report Builder" target */,
			);
			path = Platform;
			sourceTree = "<group>";
		};
/* End PBXFileSystemSynchronizedRootGroup section */

/* Begin PBXFrameworksBuildPhase section */
		21317EEB3064C0A500C041BB /* Frameworks */ = {
			isa = PBXFrameworksBuildPhase;
			buildActionMask = 2147483647;
			files = (
			);
			runOnlyForDeploymentPostprocessing = 0;
		};
		21317EFA3064C0A700C041BB /* Frameworks */ = {
			isa = PBXFrameworksBuildPhase;
			buildActionMask = 2147483647;
			files = (
			);
			runOnlyForDeploymentPostprocessing = 0;
		};
		21317F043064C0A700C041BB /* Frameworks */ = {
			isa = PBXFrameworksBuildPhase;
			buildActionMask = 2147483647;
			files = (
			);
			runOnlyForDeploymentPostprocessing = 0;
		};
/* End PBXFrameworksBuildPhase section */

/* Begin PBXGroup section */
		21317EE53064C0A500C041BB = {
			isa = PBXGroup;
			children = (
				21317EF03064C0A500C041BB /* ProjectReportingBuilder */,
				21317EEF3064C0A500C041BB /* Products */,
			);
			sourceTree = "<group>";
		};
		21317EEF3064C0A500C041BB /* Products */ = {
			isa = PBXGroup;
			children = (
				21317EEE3064C0A500C041BB /* Project Report Builder.app */,
				21317EFD3064C0A700C041BB /* Project Report BuilderTests.xctest */,
				21317F073064C0A700C041BB /* Project Report BuilderUITests.xctest */,
			);
			name = Products;
			sourceTree = "<group>";
		};
		21317EF03064C0A500C041BB /* ProjectReportingBuilder */ = {
			isa = PBXGroup;
			children = (
				A10000000000000000000001 /* App */,
				A10000000000000000000002 /* Core */,
				A10000000000000000000003 /* Features */,
				A10000000000000000000004 /* Services */,
				A10000000000000000000005 /* Data */,
				A10000000000000000000006 /* Platform */,
				A10000000000000000000007 /* Tests */,
			);
			path = ProjectReportingBuilder;
			sourceTree = "<group>";
		};
		A10000000000000000000007 /* Tests */ = {
			isa = PBXGroup;
			children = (
				21317F003064C0A700C041BB /* UnitTests */,
				21317F0A3064C0A700C041BB /* UITests */,
			);
			path = Tests;
			sourceTree = "<group>";
		};
/* End PBXGroup section */

/* Begin PBXNativeTarget section */
		21317EED3064C0A500C041BB /* Project Report Builder */ = {
			isa = PBXNativeTarget;
			buildConfigurationList = 21317F113064C0A700C041BB /* Build configuration list for PBXNativeTarget "Project Report Builder" */;
			buildPhases = (
				21317EEA3064C0A500C041BB /* Sources */,
				21317EEB3064C0A500C041BB /* Frameworks */,
				21317EEC3064C0A500C041BB /* Resources */,
			);
			buildRules = (
			);
			dependencies = (
			);
			fileSystemSynchronizedGroups = (
				A10000000000000000000001 /* App */,
				A10000000000000000000002 /* Core */,
				A10000000000000000000003 /* Features */,
				A10000000000000000000004 /* Services */,
				A10000000000000000000005 /* Data */,
				A10000000000000000000006 /* Platform */,
			);
			name = "Project Report Builder";
			packageProductDependencies = (
			);
			productName = "Project Report Builder";
			productReference = 21317EEE3064C0A500C041BB /* Project Report Builder.app */;
			productType = "com.apple.product-type.application";
		};
		21317EFC3064C0A700C041BB /* Project Report BuilderTests */ = {
			isa = PBXNativeTarget;
			buildConfigurationList = 21317F143064C0A700C041BB /* Build configuration list for PBXNativeTarget "Project Report BuilderTests" */;
			buildPhases = (
				21317EF93064C0A700C041BB /* Sources */,
				21317EFA3064C0A700C041BB /* Frameworks */,
				21317EFB3064C0A700C041BB /* Resources */,
			);
			buildRules = (
			);
			dependencies = (
				21317EFF3064C0A700C041BB /* PBXTargetDependency */,
			);
			fileSystemSynchronizedGroups = (
				21317F003064C0A700C041BB /* UnitTests */,
			);
			name = "Project Report BuilderTests";
			packageProductDependencies = (
			);
			productName = "Project Report BuilderTests";
			productReference = 21317EFD3064C0A700C041BB /* Project Report BuilderTests.xctest */;
			productType = "com.apple.product-type.bundle.unit-test";
		};
		21317F063064C0A700C041BB /* Project Report BuilderUITests */ = {
			isa = PBXNativeTarget;
			buildConfigurationList = 21317F173064C0A700C041BB /* Build configuration list for PBXNativeTarget "Project Report BuilderUITests" */;
			buildPhases = (
				21317F033064C0A700C041BB /* Sources */,
				21317F043064C0A700C041BB /* Frameworks */,
				21317F053064C0A700C041BB /* Resources */,
			);
			buildRules = (
			);
			dependencies = (
				21317F093064C0A700C041BB /* PBXTargetDependency */,
			);
			fileSystemSynchronizedGroups = (
				21317F0A3064C0A700C041BB /* UITests */,
			);
			name = "Project Report BuilderUITests";
			packageProductDependencies = (
			);
			productName = "Project Report BuilderUITests";
			productReference = 21317F073064C0A700C041BB /* Project Report BuilderUITests.xctest */;
			productType = "com.apple.product-type.bundle.ui-testing";
		};
/* End PBXNativeTarget section */

/* Begin PBXProject section */
		21317EE63064C0A500C041BB /* Project object */ = {
			isa = PBXProject;
			attributes = {
				BuildIndependentTargetsInParallel = 1;
				LastSwiftUpdateCheck = 2620;
				LastUpgradeCheck = 2620;
				TargetAttributes = {
					21317EED3064C0A500C041BB = {
						CreatedOnToolsVersion = 26.2;
					};
					21317EFC3064C0A700C041BB = {
						CreatedOnToolsVersion = 26.2;
						TestTargetID = 21317EED3064C0A500C041BB;
					};
					21317F063064C0A700C041BB = {
						CreatedOnToolsVersion = 26.2;
						TestTargetID = 21317EED3064C0A500C041BB;
					};
				};
			};
			buildConfigurationList = 21317EE93064C0A500C041BB /* Build configuration list for PBXProject "Project Report Builder" */;
			developmentRegion = en;
			hasScannedForEncodings = 0;
			knownRegions = (
				en,
				Base,
			);
			mainGroup = 21317EE53064C0A500C041BB;
			minimizedProjectReferenceProxies = 1;
			preferredProjectObjectVersion = 77;
			productRefGroup = 21317EEF3064C0A500C041BB /* Products */;
			projectDirPath = "";
			projectRoot = "";
			targets = (
				21317EED3064C0A500C041BB /* Project Report Builder */,
				21317EFC3064C0A700C041BB /* Project Report BuilderTests */,
				21317F063064C0A700C041BB /* Project Report BuilderUITests */,
			);
		};
/* End PBXProject section */

/* Begin PBXResourcesBuildPhase section */
		21317EEC3064C0A500C041BB /* Resources */ = {
			isa = PBXResourcesBuildPhase;
			buildActionMask = 2147483647;
			files = (
			);
			runOnlyForDeploymentPostprocessing = 0;
		};
		21317EFB3064C0A700C041BB /* Resources */ = {
			isa = PBXResourcesBuildPhase;
			buildActionMask = 2147483647;
			files = (
			);
			runOnlyForDeploymentPostprocessing = 0;
		};
		21317F053064C0A700C041BB /* Resources */ = {
			isa = PBXResourcesBuildPhase;
			buildActionMask = 2147483647;
			files = (
			);
			runOnlyForDeploymentPostprocessing = 0;
		};
/* End PBXResourcesBuildPhase section */

/* Begin PBXSourcesBuildPhase section */
		21317EEA3064C0A500C041BB /* Sources */ = {
			isa = PBXSourcesBuildPhase;
			buildActionMask = 2147483647;
			files = (
			);
			runOnlyForDeploymentPostprocessing = 0;
		};
		21317EF93064C0A700C041BB /* Sources */ = {
			isa = PBXSourcesBuildPhase;
			buildActionMask = 2147483647;
			files = (
			);
			runOnlyForDeploymentPostprocessing = 0;
		};
		21317F033064C0A700C041BB /* Sources */ = {
			isa = PBXSourcesBuildPhase;
			buildActionMask = 2147483647;
			files = (
			);
			runOnlyForDeploymentPostprocessing = 0;
		};
/* End PBXSourcesBuildPhase section */

/* Begin PBXTargetDependency section */
		21317EFF3064C0A700C041BB /* PBXTargetDependency */ = {
			isa = PBXTargetDependency;
			target = 21317EED3064C0A500C041BB /* Project Report Builder */;
			targetProxy = 21317EFE3064C0A700C041BB /* PBXContainerItemProxy */;
		};
		21317F093064C0A700C041BB /* PBXTargetDependency */ = {
			isa = PBXTargetDependency;
			target = 21317EED3064C0A500C041BB /* Project Report Builder */;
			targetProxy = 21317F083064C0A700C041BB /* PBXContainerItemProxy */;
		};
/* End PBXTargetDependency section */

/* Begin XCBuildConfiguration section */
		21317F0F3064C0A700C041BB /* Debug */ = {
			isa = XCBuildConfiguration;
			buildSettings = {
				ALWAYS_SEARCH_USER_PATHS = NO;
				ASSETCATALOG_COMPILER_GENERATE_SWIFT_ASSET_SYMBOL_EXTENSIONS = YES;
				CLANG_ANALYZER_NONNULL = YES;
				CLANG_ANALYZER_NUMBER_OBJECT_CONVERSION = YES_AGGRESSIVE;
				CLANG_CXX_LANGUAGE_STANDARD = "gnu++20";
				CLANG_ENABLE_MODULES = YES;
				CLANG_ENABLE_OBJC_ARC = YES;
				CLANG_ENABLE_OBJC_WEAK = YES;
				CLANG_WARN_BLOCK_CAPTURE_AUTORELEASING = YES;
				CLANG_WARN_BOOL_CONVERSION = YES;
				CLANG_WARN_COMMA = YES;
				CLANG_WARN_CONSTANT_CONVERSION = YES;
				CLANG_WARN_DEPRECATED_OBJC_IMPLEMENTATIONS = YES;
				CLANG_WARN_DIRECT_OBJC_ISA_USAGE = YES_ERROR;
				CLANG_WARN_DOCUMENTATION_COMMENTS = YES;
				CLANG_WARN_EMPTY_BODY = YES;
				CLANG_WARN_ENUM_CONVERSION = YES;
				CLANG_WARN_INFINITE_RECURSION = YES;
				CLANG_WARN_INT_CONVERSION = YES;
				CLANG_WARN_NON_LITERAL_NULL_CONVERSION = YES;
				CLANG_WARN_OBJC_IMPLICIT_RETAIN_SELF = YES;
				CLANG_WARN_OBJC_LITERAL_CONVERSION = YES;
				CLANG_WARN_OBJC_ROOT_CLASS = YES_ERROR;
				CLANG_WARN_QUOTED_INCLUDE_IN_FRAMEWORK_HEADER = YES;
				CLANG_WARN_RANGE_LOOP_ANALYSIS = YES;
				CLANG_WARN_STRICT_PROTOTYPES = YES;
				CLANG_WARN_SUSPICIOUS_MOVE = YES;
				CLANG_WARN_UNGUARDED_AVAILABILITY = YES_AGGRESSIVE;
				CLANG_WARN_UNREACHABLE_CODE = YES;
				CLANG_WARN__DUPLICATE_METHOD_MATCH = YES;
				COPY_PHASE_STRIP = NO;
				DEBUG_INFORMATION_FORMAT = dwarf;
				DEVELOPMENT_TEAM = 74HYB972T9;
				ENABLE_STRICT_OBJC_MSGSEND = YES;
				ENABLE_TESTABILITY = YES;
				ENABLE_USER_SCRIPT_SANDBOXING = YES;
				GCC_C_LANGUAGE_STANDARD = gnu17;
				GCC_DYNAMIC_NO_PIC = NO;
				GCC_NO_COMMON_BLOCKS = YES;
				GCC_OPTIMIZATION_LEVEL = 0;
				GCC_PREPROCESSOR_DEFINITIONS = (
					"DEBUG=1",
					"$(inherited)",
				);
				GCC_WARN_64_TO_32_BIT_CONVERSION = YES;
				GCC_WARN_ABOUT_RETURN_TYPE = YES_ERROR;
				GCC_WARN_UNDECLARED_SELECTOR = YES;
				GCC_WARN_UNINITIALIZED_AUTOS = YES_AGGRESSIVE;
				GCC_WARN_UNUSED_FUNCTION = YES;
				GCC_WARN_UNUSED_VARIABLE = YES;
				LOCALIZATION_PREFERS_STRING_CATALOGS = YES;
				MACOSX_DEPLOYMENT_TARGET = 26.2;
				MTL_ENABLE_DEBUG_INFO = INCLUDE_SOURCE;
				MTL_FAST_MATH = YES;
				ONLY_ACTIVE_ARCH = YES;
				SDKROOT = macosx;
				SWIFT_ACTIVE_COMPILATION_CONDITIONS = "DEBUG $(inherited)";
				SWIFT_OPTIMIZATION_LEVEL = "-Onone";
			};
			name = Debug;
		};
		21317F103064C0A700C041BB /* Release */ = {
			isa = XCBuildConfiguration;
			buildSettings = {
				ALWAYS_SEARCH_USER_PATHS = NO;
				ASSETCATALOG_COMPILER_GENERATE_SWIFT_ASSET_SYMBOL_EXTENSIONS = YES;
				CLANG_ANALYZER_NONNULL = YES;
				CLANG_ANALYZER_NUMBER_OBJECT_CONVERSION = YES_AGGRESSIVE;
				CLANG_CXX_LANGUAGE_STANDARD = "gnu++20";
				CLANG_ENABLE_MODULES = YES;
				CLANG_ENABLE_OBJC_ARC = YES;
				CLANG_ENABLE_OBJC_WEAK = YES;
				CLANG_WARN_BLOCK_CAPTURE_AUTORELEASING = YES;
				CLANG_WARN_BOOL_CONVERSION = YES;
				CLANG_WARN_COMMA = YES;
				CLANG_WARN_CONSTANT_CONVERSION = YES;
				CLANG_WARN_DEPRECATED_OBJC_IMPLEMENTATIONS = YES;
				CLANG_WARN_DIRECT_OBJC_ISA_USAGE = YES_ERROR;
				CLANG_WARN_DOCUMENTATION_COMMENTS = YES;
				CLANG_WARN_EMPTY_BODY = YES;
				CLANG_WARN_ENUM_CONVERSION = YES;
				CLANG_WARN_INFINITE_RECURSION = YES;
				CLANG_WARN_INT_CONVERSION = YES;
				CLANG_WARN_NON_LITERAL_NULL_CONVERSION = YES;
				CLANG_WARN_OBJC_IMPLICIT_RETAIN_SELF = YES;
				CLANG_WARN_OBJC_LITERAL_CONVERSION = YES;
				CLANG_WARN_OBJC_ROOT_CLASS = YES_ERROR;
				CLANG_WARN_QUOTED_INCLUDE_IN_FRAMEWORK_HEADER = YES;
				CLANG_WARN_RANGE_LOOP_ANALYSIS = YES;
				CLANG_WARN_STRICT_PROTOTYPES = YES;
				CLANG_WARN_SUSPICIOUS_MOVE = YES;
				CLANG_WARN_UNGUARDED_AVAILABILITY = YES_AGGRESSIVE;
				CLANG_WARN_UNREACHABLE_CODE = YES;
				CLANG_WARN__DUPLICATE_METHOD_MATCH = YES;
				COPY_PHASE_STRIP = NO;
				DEBUG_INFORMATION_FORMAT = "dwarf-with-dsym";
				DEVELOPMENT_TEAM = 74HYB972T9;
				ENABLE_NS_ASSERTIONS = NO;
				ENABLE_STRICT_OBJC_MSGSEND = YES;
				ENABLE_USER_SCRIPT_SANDBOXING = YES;
				GCC_C_LANGUAGE_STANDARD = gnu17;
				GCC_NO_COMMON_BLOCKS = YES;
				GCC_WARN_64_TO_32_BIT_CONVERSION = YES;
				GCC_WARN_ABOUT_RETURN_TYPE = YES_ERROR;
				GCC_WARN_UNDECLARED_SELECTOR = YES;
				GCC_WARN_UNINITIALIZED_AUTOS = YES_AGGRESSIVE;
				GCC_WARN_UNUSED_FUNCTION = YES;
				GCC_WARN_UNUSED_VARIABLE = YES;
				LOCALIZATION_PREFERS_STRING_CATALOGS = YES;
				MACOSX_DEPLOYMENT_TARGET = 26.2;
				MTL_ENABLE_DEBUG_INFO = NO;
				MTL_FAST_MATH = YES;
				SDKROOT = macosx;
				SWIFT_COMPILATION_MODE = wholemodule;
			};
			name = Release;
		};
		21317F123064C0A700C041BB /* Debug */ = {
			isa = XCBuildConfiguration;
			buildSettings = {
				ASSETCATALOG_COMPILER_APPICON_NAME = AppIcon;
				ASSETCATALOG_COMPILER_GLOBAL_ACCENT_COLOR_NAME = AccentColor;
				CODE_SIGN_STYLE = Automatic;
				COMBINE_HIDPI_IMAGES = YES;
				CURRENT_PROJECT_VERSION = 1;
				DEVELOPMENT_TEAM = 74HYB972T9;
				ENABLE_APP_SANDBOX = YES;
				ENABLE_HARDENED_RUNTIME = YES;
				ENABLE_PREVIEWS = YES;
				ENABLE_USER_SELECTED_FILES = readwrite;
				GENERATE_INFOPLIST_FILE = YES;
				INFOPLIST_KEY_NSHumanReadableCopyright = "";
				LD_RUNPATH_SEARCH_PATHS = (
					"$(inherited)",
					"@executable_path/../Frameworks",
				);
				MARKETING_VERSION = 1.0;
				PRODUCT_BUNDLE_IDENTIFIER = "LawrenceShen.Project-Report-Builder";
				PRODUCT_NAME = "$(TARGET_NAME)";
				REGISTER_APP_GROUPS = YES;
				STRING_CATALOG_GENERATE_SYMBOLS = YES;
				SWIFT_APPROACHABLE_CONCURRENCY = YES;
				SWIFT_DEFAULT_ACTOR_ISOLATION = MainActor;
				SWIFT_EMIT_LOC_STRINGS = YES;
				SWIFT_UPCOMING_FEATURE_MEMBER_IMPORT_VISIBILITY = YES;
				SWIFT_VERSION = 5.0;
			};
			name = Debug;
		};
		21317F133064C0A700C041BB /* Release */ = {
			isa = XCBuildConfiguration;
			buildSettings = {
				ASSETCATALOG_COMPILER_APPICON_NAME = AppIcon;
				ASSETCATALOG_COMPILER_GLOBAL_ACCENT_COLOR_NAME = AccentColor;
				CODE_SIGN_STYLE = Automatic;
				COMBINE_HIDPI_IMAGES = YES;
				CURRENT_PROJECT_VERSION = 1;
				DEVELOPMENT_TEAM = 74HYB972T9;
				ENABLE_APP_SANDBOX = YES;
				ENABLE_HARDENED_RUNTIME = YES;
				ENABLE_PREVIEWS = YES;
				ENABLE_USER_SELECTED_FILES = readwrite;
				GENERATE_INFOPLIST_FILE = YES;
				INFOPLIST_KEY_NSHumanReadableCopyright = "";
				LD_RUNPATH_SEARCH_PATHS = (
					"$(inherited)",
					"@executable_path/../Frameworks",
				);
				MARKETING_VERSION = 1.0;
				PRODUCT_BUNDLE_IDENTIFIER = "LawrenceShen.Project-Report-Builder";
				PRODUCT_NAME = "$(TARGET_NAME)";
				REGISTER_APP_GROUPS = YES;
				STRING_CATALOG_GENERATE_SYMBOLS = YES;
				SWIFT_APPROACHABLE_CONCURRENCY = YES;
				SWIFT_DEFAULT_ACTOR_ISOLATION = MainActor;
				SWIFT_EMIT_LOC_STRINGS = YES;
				SWIFT_UPCOMING_FEATURE_MEMBER_IMPORT_VISIBILITY = YES;
				SWIFT_VERSION = 5.0;
			};
			name = Release;
		};
		21317F153064C0A700C041BB /* Debug */ = {
			isa = XCBuildConfiguration;
			buildSettings = {
				BUNDLE_LOADER = "$(TEST_HOST)";
				CODE_SIGN_STYLE = Automatic;
				CURRENT_PROJECT_VERSION = 1;
				DEVELOPMENT_TEAM = 74HYB972T9;
				GENERATE_INFOPLIST_FILE = YES;
				MACOSX_DEPLOYMENT_TARGET = 26.2;
				MARKETING_VERSION = 1.0;
				PRODUCT_BUNDLE_IDENTIFIER = "LawrenceShen.Project-Report-BuilderTests";
				PRODUCT_NAME = "$(TARGET_NAME)";
				STRING_CATALOG_GENERATE_SYMBOLS = NO;
				SWIFT_APPROACHABLE_CONCURRENCY = YES;
				SWIFT_EMIT_LOC_STRINGS = NO;
				SWIFT_UPCOMING_FEATURE_MEMBER_IMPORT_VISIBILITY = YES;
				SWIFT_VERSION = 5.0;
				TEST_HOST = "$(BUILT_PRODUCTS_DIR)/Project Report Builder.app/$(BUNDLE_EXECUTABLE_FOLDER_PATH)/Project Report Builder";
			};
			name = Debug;
		};
		21317F163064C0A700C041BB /* Release */ = {
			isa = XCBuildConfiguration;
			buildSettings = {
				BUNDLE_LOADER = "$(TEST_HOST)";
				CODE_SIGN_STYLE = Automatic;
				CURRENT_PROJECT_VERSION = 1;
				DEVELOPMENT_TEAM = 74HYB972T9;
				GENERATE_INFOPLIST_FILE = YES;
				MACOSX_DEPLOYMENT_TARGET = 26.2;
				MARKETING_VERSION = 1.0;
				PRODUCT_BUNDLE_IDENTIFIER = "LawrenceShen.Project-Report-BuilderTests";
				PRODUCT_NAME = "$(TARGET_NAME)";
				STRING_CATALOG_GENERATE_SYMBOLS = NO;
				SWIFT_APPROACHABLE_CONCURRENCY = YES;
				SWIFT_EMIT_LOC_STRINGS = NO;
				SWIFT_UPCOMING_FEATURE_MEMBER_IMPORT_VISIBILITY = YES;
				SWIFT_VERSION = 5.0;
				TEST_HOST = "$(BUILT_PRODUCTS_DIR)/Project Report Builder.app/$(BUNDLE_EXECUTABLE_FOLDER_PATH)/Project Report Builder";
			};
			name = Release;
		};
		21317F183064C0A700C041BB /* Debug */ = {
			isa = XCBuildConfiguration;
			buildSettings = {
				CODE_SIGN_STYLE = Automatic;
				CURRENT_PROJECT_VERSION = 1;
				DEVELOPMENT_TEAM = 74HYB972T9;
				GENERATE_INFOPLIST_FILE = YES;
				MARKETING_VERSION = 1.0;
				PRODUCT_BUNDLE_IDENTIFIER = "LawrenceShen.Project-Report-BuilderUITests";
				PRODUCT_NAME = "$(TARGET_NAME)";
				STRING_CATALOG_GENERATE_SYMBOLS = NO;
				SWIFT_APPROACHABLE_CONCURRENCY = YES;
				SWIFT_EMIT_LOC_STRINGS = NO;
				SWIFT_UPCOMING_FEATURE_MEMBER_IMPORT_VISIBILITY = YES;
				SWIFT_VERSION = 5.0;
				TEST_TARGET_NAME = "Project Report Builder";
			};
			name = Debug;
		};
		21317F193064C0A700C041BB /* Release */ = {
			isa = XCBuildConfiguration;
			buildSettings = {
				CODE_SIGN_STYLE = Automatic;
				CURRENT_PROJECT_VERSION = 1;
				DEVELOPMENT_TEAM = 74HYB972T9;
				GENERATE_INFOPLIST_FILE = YES;
				MARKETING_VERSION = 1.0;
				PRODUCT_BUNDLE_IDENTIFIER = "LawrenceShen.Project-Report-BuilderUITests";
				PRODUCT_NAME = "$(TARGET_NAME)";
				STRING_CATALOG_GENERATE_SYMBOLS = NO;
				SWIFT_APPROACHABLE_CONCURRENCY = YES;
				SWIFT_EMIT_LOC_STRINGS = NO;
				SWIFT_UPCOMING_FEATURE_MEMBER_IMPORT_VISIBILITY = YES;
				SWIFT_VERSION = 5.0;
				TEST_TARGET_NAME = "Project Report Builder";
			};
			name = Release;
		};
/* End XCBuildConfiguration section */

/* Begin XCConfigurationList section */
		21317EE93064C0A500C041BB /* Build configuration list for PBXProject "Project Report Builder" */ = {
			isa = XCConfigurationList;
			buildConfigurations = (
				21317F0F3064C0A700C041BB /* Debug */,
				21317F103064C0A700C041BB /* Release */,
			);
			defaultConfigurationIsVisible = 0;
			defaultConfigurationName = Release;
		};
		21317F113064C0A700C041BB /* Build configuration list for PBXNativeTarget "Project Report Builder" */ = {
			isa = XCConfigurationList;
			buildConfigurations = (
				21317F123064C0A700C041BB /* Debug */,
				21317F133064C0A700C041BB /* Release */,
			);
			defaultConfigurationIsVisible = 0;
			defaultConfigurationName = Release;
		};
		21317F143064C0A700C041BB /* Build configuration list for PBXNativeTarget "Project Report BuilderTests" */ = {
			isa = XCConfigurationList;
			buildConfigurations = (
				21317F153064C0A700C041BB /* Debug */,
				21317F163064C0A700C041BB /* Release */,
			);
			defaultConfigurationIsVisible = 0;
			defaultConfigurationName = Release;
		};
		21317F173064C0A700C041BB /* Build configuration list for PBXNativeTarget "Project Report BuilderUITests" */ = {
			isa = XCConfigurationList;
			buildConfigurations = (
				21317F183064C0A700C041BB /* Debug */,
				21317F193064C0A700C041BB /* Release */,
			);
			defaultConfigurationIsVisible = 0;
			defaultConfigurationName = Release;
		};
/* End XCConfigurationList section */
	};
	rootObject = 21317EE63064C0A500C041BB /* Project object */;
}
